github.com/NonerKao/color-aware-tabwriter v0.0.0-20171005123016-aa1eec33dba0 h1:VDUMRCvXcc4+/tZ7iEv/1EVdC8YOO+6mcPI1/EfDT+M=
github.com/NonerKao/color-aware-tabwriter v0.0.0-20171005123016-aa1eec33dba0/go.mod h1:q/GSD6WSPyk9lxhebC9I2smMeMS8d06gmxuEc54DxNc=
github.com/fatih/color v1.9.0 h1:8xPHl4/q1VyqGIPif1F+1V3Y3lSmrq01EabUW3CoW5s=
github.com/fatih/color v1.9.0/go.mod h1:eQcE1qtQxscV5RaZvpXrrb8Drkc3/DdQ+uUYCNjL+zU=
github.com/gammons/todolist v0.8.1 h1:GS7Dp+8+09wjCah12osDQQk7w8eUiQ0fxHcMP3fZ2DE=
github.com/gammons/todolist v0.8.1/go.mod h1:O2DuuZ8kdefw6ew0kItR3DVd4Sx2Ao2diNzu+yda2jQ=
github.com/julienschmidt/httprouter v1.3.0 h1:U0609e9tgbseu3rBINet9P48AI/D3oJs4dN7jwJOQ1U=
github.com/julienschmidt/httprouter v1.3.0/go.mod h1:JR6WtHb+2LUe8TCKY3cZOxFyyO8IZAc4RVcycCCAKdM=
github.com/mattn/go-colorable v0.1.4 h1:snbPLB8fVfU9iwbbo30TPtbLRzwWu6aJS6Xh4eaaviA=
github.com/mattn/go-colorable v0.1.4/go.mod h1:U0ppj6V5qS13XJ6of8GYAs25YV2eR4EVcfRqFIhoBtE=
github.com/mattn/go-isatty v0.0.8/go.mod h1:Iq45c/XA43vh69/j3iqttzPXn0bhXyGjM0Hdxcsrc5s=
github.com/mattn/go-isatty v0.0.11 h1:FxPOTFNqGkuDUGi3H/qkUbQO4ZiBa2brKq5r0l8TGeM=
github.com/mattn/go-isatty v0.0.11/go.mod h1:PhnuNfih5lzO57/f3n+odYbM4JtupLOxQOAqxQCu2WE=
github.com/skratchdot/open-golang v0.0.0-20200116055534-eef842397966 h1:JIAuq3EEf9cgbU6AtGPK4CTG3Zf6CKMNqf0MHTggAUA=
github.com/skratchdot/open-golang v0.0.0-20200116055534-eef842397966/go.mod h1:sUM3LWHvSMaG192sy56D9F7CNvL7jUJVXoqM1QKLnog=
github.com/ultralist/ultralist v0.8.1 h1:k6qez8iq8UJf7Ynj0rAbB5GBvU+DYe644jbGKxp+hN4=
github.com/ultralist/ultralist v0.8.1/go.mod h1:o2VeCN+v58pc+KeEU4mYvs7EUI8bvJpzJHC4M3fX9mg=
golang.org/x/sys v0.0.0-20190222072716-a9d3bda3a223/go.mod h1:STP8DvDyc/dI5b8T5hshtkjS+E42TnysNCUPdjciGhY=
golang.org/x/sys v0.0.0-20191026070338-33540a1f6037/go.mod h1:h1NjWce9XRLGQEsW7wpKNCjG9DtNlClVuFLEZdDNbEs=
